{
    "version": 3,
    "terraform_version": "0.11.13",
    "serial": 2,
    "lineage": "4b25b0f2-5758-d9a3-f3f3-c2c96a492597",
    "modules": [
        {
            "path": [
                "root"
            ],
            "outputs": {},
            "resources": {
                "aws_acm_certificate.certificate": {
                    "type": "aws_acm_certificate",
                    "depends_on": [],
                    "primary": {
                        "id": "arn:aws:acm:us-east-1:754314656225:certificate/fd5e248e-aa6a-4cec-bf54-a2bdeda90461",
                        "attributes": {
                            "arn": "arn:aws:acm:us-east-1:754314656225:certificate/fd5e248e-aa6a-4cec-bf54-a2bdeda90461",
                            "domain_name": "*.eissfeldt.com",
                            "domain_validation_options.#": "2",
                            "domain_validation_options.0.domain_name": "eissfeldt.com",
                            "domain_validation_options.0.resource_record_name": "_523c354c34870bff0c488ce86bed9d9e.eissfeldt.com.",
                            "domain_validation_options.0.resource_record_type": "CNAME",
                            "domain_validation_options.0.resource_record_value": "_4cb7258f7d9f7e38089c3ae54c68062e.hkvuiqjoua.acm-validations.aws.",
                            "domain_validation_options.1.domain_name": "*.eissfeldt.com",
                            "domain_validation_options.1.resource_record_name": "_523c354c34870bff0c488ce86bed9d9e.eissfeldt.com.",
                            "domain_validation_options.1.resource_record_type": "CNAME",
                            "domain_validation_options.1.resource_record_value": "_4cb7258f7d9f7e38089c3ae54c68062e.hkvuiqjoua.acm-validations.aws.",
                            "id": "arn:aws:acm:us-east-1:754314656225:certificate/fd5e248e-aa6a-4cec-bf54-a2bdeda90461",
                            "subject_alternative_names.#": "1",
                            "subject_alternative_names.0": "eissfeldt.com",
                            "tags.%": "0",
                            "validation_emails.#": "0",
                            "validation_method": "DNS"
                        },
                        "meta": {},
                        "tainted": false
                    },
                    "deposed": [],
                    "provider": "provider.aws"
                },
                "aws_route53_zone.zone": {
                    "type": "aws_route53_zone",
                    "depends_on": [],
                    "primary": {
                        "id": "Z2G9FH56LT0H5E",
                        "attributes": {
                            "comment": "Managed by Terraform",
                            "delegation_set_id": "",
                            "force_destroy": "false",
                            "id": "Z2G9FH56LT0H5E",
                            "name": "eissfeldt.com.",
                            "name_servers.#": "4",
                            "name_servers.0": "ns-1282.awsdns-32.org",
                            "name_servers.1": "ns-1707.awsdns-21.co.uk",
                            "name_servers.2": "ns-457.awsdns-57.com",
                            "name_servers.3": "ns-523.awsdns-01.net",
                            "tags.%": "0",
                            "vpc.#": "0",
                            "zone_id": "Z2G9FH56LT0H5E"
                        },
                        "meta": {},
                        "tainted": false
                    },
                    "deposed": [],
                    "provider": "provider.aws"
                },
                "aws_s3_bucket.www": {
                    "type": "aws_s3_bucket",
                    "depends_on": [],
                    "primary": {
                        "id": "www.eissfeldt.com",
                        "attributes": {
                            "acceleration_status": "",
                            "acl": "public-read",
                            "arn": "arn:aws:s3:::www.eissfeldt.com",
                            "bucket": "www.eissfeldt.com",
                            "bucket_domain_name": "www.eissfeldt.com.s3.amazonaws.com",
                            "bucket_regional_domain_name": "www.eissfeldt.com.s3.amazonaws.com",
                            "cors_rule.#": "0",
                            "force_destroy": "false",
                            "hosted_zone_id": "Z3AQBSTGFYJSTF",
                            "id": "www.eissfeldt.com",
                            "lifecycle_rule.#": "0",
                            "logging.#": "0",
                            "object_lock_configuration.#": "0",
                            "policy": "{\"Statement\":[{\"Action\":\"s3:GetObject\",\"Effect\":\"Allow\",\"Principal\":\"*\",\"Resource\":\"arn:aws:s3:::www.eissfeldt.com/*\",\"Sid\":\"AddPerm\"}],\"Version\":\"2012-10-17\"}",
                            "region": "us-east-1",
                            "replication_configuration.#": "0",
                            "request_payer": "BucketOwner",
                            "server_side_encryption_configuration.#": "0",
                            "tags.%": "0",
                            "versioning.#": "1",
                            "versioning.0.enabled": "false",
                            "versioning.0.mfa_delete": "false",
                            "website.#": "1",
                            "website.0.error_document": "404.html",
                            "website.0.index_document": "index.html",
                            "website.0.redirect_all_requests_to": "",
                            "website.0.routing_rules": "",
                            "website_domain": "s3-website-us-east-1.amazonaws.com",
                            "website_endpoint": "www.eissfeldt.com.s3-website-us-east-1.amazonaws.com"
                        },
                        "meta": {},
                        "tainted": false
                    },
                    "deposed": [],
                    "provider": "provider.aws"
                }
            },
            "depends_on": []
        }
    ]
}
